# This file is generated by running "yarn install" inside your project.
# Manual changes might be lost - proceed with caution!

__metadata:
  version: 8
  cacheKey: 10

"@esbuild/android-arm@npm:^0.17.10":
  version: 0.17.10
  resolution: "@esbuild/android-arm@npm:0.17.10"
  conditions: os=android & cpu=arm
  languageName: node
  linkType: hard

"axios@npm:^0.24.0":
  version: 0.24.0
  resolution: "axios@npm:0.24.0"
  dependencies:
    follow-redirects: "npm:^1.14.4"
  checksum: 4c5a7a5a45c909b4ce73fbf54b1fbc52a2290fc37cc51e64f8ef2ba8ac5f76a2e369a08ddfd7ec50317528d5aa55f5987cc56fb320923ef87e1b87f8ff05b5ba
  languageName: node
  linkType: hard

"caseless@npm:^0.12.0":
  version: 0.12.0
  resolution: "caseless@npm:0.12.0"
  checksum: ea1efdf430975fdbac3505cdd21007f7ac5aa29b6d4d1c091f965853cd1bf87e4b08ea07b31a6d688b038872b7cdf0589d9262d59c699d199585daad052aeb20
  languageName: node
  linkType: hard

"ci-info@npm:^1.5.0":
  version: 1.6.0
  resolution: "ci-info@npm:1.6.0"
  checksum: dfc058f60c3889793befe77349c3cd1a5452d21bed5ff60cb34382bee7bbdccc5c4c2ff2b77eab8c411c54d84f93963dacf593b9d901b43b93b7ad2a422aa163
  languageName: node
  linkType: hard

"ci-info@npm:^2.0.0":
  version: 2.0.0
  resolution: "ci-info@npm:2.0.0"
  checksum: 3b374666a85ea3ca43fa49aa3a048d21c9b475c96eb13c133505d2324e7ae5efd6a454f41efe46a152269e9b6a00c9edbe63ec7fa1921957165aae16625acd67
  languageName: node
  linkType: hard

"follow-redirects@npm:^1.14.4":
  version: 1.14.8
  resolution: "follow-redirects@npm:1.14.8"
  peerDependenciesMeta:
    debug:
      optional: true
  checksum: 94b8cca8123c719273788174728fea5789267ab077784eae095e41fba0b5944b9fabda6b98164d15f0166914489b4d3896e3e181dd2d67b9f1b3969eb14f7c0f
  languageName: node
  linkType: hard

"function-bind@npm:^1.1.1":
  version: 1.1.1
  resolution: "function-bind@npm:1.1.1"
  checksum: d83f2968030678f0b8c3f2183d63dcd969344eb8b55b4eb826a94ccac6de8b87c95bebffda37a6386c74f152284eb02956ff2c496897f35d32bdc2628ac68ac5
  languageName: node
  linkType: hard

"has@npm:^1.0.3":
  version: 1.0.3
  resolution: "has@npm:1.0.3"
  dependencies:
    function-bind: "npm:^1.1.1"
  checksum: a449f3185b1d165026e8d25f6a8c3390bd25c201ff4b8c1aaf948fc6a5fcfd6507310b8c00c13a3325795ea9791fcc3d79d61eafa313b5750438fc19183df57b
  languageName: node
  linkType: hard

"is-ci@npm:^1.0.0":
  version: 1.2.1
  resolution: "is-ci@npm:1.2.1"
  dependencies:
    ci-info: "npm:^1.5.0"
  bin:
    is-ci: bin.js
  checksum: eca06c5626e54ec01be6f9114a8f19b3f571602cfe66458e42ccc42e401e2ebbe1bd3b2fcaa93b5896b9c759e964f3c7f4d9b2d0f4fc4ef5dba78a7c4825e0be
  languageName: node
  linkType: hard

"is-ci@npm:^2.0.0":
  version: 2.0.0
  resolution: "is-ci@npm:2.0.0"
  dependencies:
    ci-info: "npm:^2.0.0"
  bin:
    is-ci: bin.js
  checksum: 77b869057510f3efa439bbb36e9be429d53b3f51abd4776eeea79ab3b221337fe1753d1e50058a9e2c650d38246108beffb15ccfd443929d77748d8c0cc90144
  languageName: node
  linkType: hard

"is-function@npm:^1.0.2":
  version: 1.0.2
  resolution: "is-function@npm:1.0.2"
  checksum: 7d564562e07b4b51359547d3ccc10fb93bb392fd1b8177ae2601ee4982a0ece86d952323fc172a9000743a3971f09689495ab78a1d49a9b14fc97a7e28521dc0
  languageName: node
  linkType: hard

"is-promise@npm:^3.0.0":
  version: 3.0.0
  resolution: "is-promise@npm:3.0.0"
  checksum: 7892afc8c8a997bd5e039e8fca5c169efc01bd977071de4ae35e9b0eeb913be86fde7083e75b335fb423209a511b92bdc604465be498ebe906eb7dd2359da7f8
  languageName: node
  linkType: hard

"is-promise@npm:^4.0.0":
  version: 4.0.0
  resolution: "is-promise@npm:4.0.0"
  checksum: 0b46517ad47b00b6358fd6553c83ec1f6ba9acd7ffb3d30a0bf519c5c69e7147c132430452351b8a9fc198f8dd6c4f76f8e6f5a7f100f8c77d57d9e0f4261a8a
  languageName: node
  linkType: hard

"package1@workspace:packages/package1":
  version: 0.0.0-use.local
  resolution: "package1@workspace:packages/package1"
  dependencies:
    axios: "npm:^0.24.0"
    is-ci: "npm:^2.0.0"
    is-function: "npm:^1.0.2"
    is-promise: "npm:^3.0.0"
  languageName: unknown
  linkType: soft

"test-package@workspace:.":
  version: 0.0.0-use.local
  resolution: "test-package@workspace:."
  dependencies:
    "@esbuild/android-arm": "npm:^0.17.10"
    axios: "npm:^0.24.0"
    caseless: "npm:^0.12.0"
    has: "npm:^1.0.3"
    is-ci: "npm:^1.0.0"
    is-promise: "npm:^4.0.0"
  dependenciesMeta:
    "@esbuild/android-arm":
      optional: true
  languageName: unknown
  linkType: soft
